
Microsoft Visual Studio Solution File, Format Version 12.00
# Visual Studio Version 17
VisualStudioVersion = 17.4.33213.308
MinimumVisualStudioVersion = 10.0.40219.1
Project("{FAE04EC0-301F-11D3-BF4B-00C04F79EFBC}") = "tpmodul6_1302210084", "tpmodul6_1302210084.csproj", "{560734F1-B29F-447A-9205-6DB045C918ED}"
EndProject
Global
	GlobalSection(SolutionConfigurationPlatforms) = preSolution
		Debug|Any CPU = Debug|Any CPU
		Release|Any CPU = Release|Any CPU
	EndGlobalSection
	GlobalSection(ProjectConfigurationPlatforms) = postSolution
		{560734F1-B29F-447A-9205-6DB045C918ED}.Debug|Any CPU.ActiveCfg = Debug|Any CPU
		{560734F1-B29F-447A-9205-6DB045C918ED}.Debug|Any CPU.Build.0 = Debug|Any CPU
		{560734F1-B29F-447A-9205-6DB045C918ED}.Release|Any CPU.ActiveCfg = Release|Any CPU
		{560734F1-B29F-447A-9205-6DB045C918ED}.Release|Any CPU.Build.0 = Release|Any CPU
	EndGlobalSection
	GlobalSection(SolutionProperties) = preSolution
		HideSolutionNode = FALSE
	EndGlobalSection
	GlobalSection(ExtensibilityGlobals) = postSolution
		SolutionGuid = {230C1C3E-1D91-4D35-AA74-4A942A0E592F}
	EndGlobalSection
EndGlobal
